{
  "name": "electricity-consumption-billing",
  "version": "1.0.0",
  "lockfileVersion": 3,
  "requires": true,
  "packages": {
    "": {
      "name": "electricity-consumption-billing",
      "version": "1.0.0",
      "license": "ISC",
      "dependencies": {
        "electricity-consumption-billing": "file:"
      }
    },
    "node_modules/electricity-consumption-billing": {
      "resolved": "",
      "link": true
    }
  }
}
